
Microsoft Visual Studio Solution File, Format Version 12.00
# Visual Studio Version 16
VisualStudioVersion = 16.0.32002.261
MinimumVisualStudioVersion = 10.0.40219.1
Project("{FAE04EC0-301F-11D3-BF4B-00C04F79EFBC}") = "Hw5_ex4", "Hw5_ex4\Hw5_ex4.csproj", "{67ABE5A0-286B-40B9-9D99-EE561605C911}"
EndProject
Global
	GlobalSection(SolutionConfigurationPlatforms) = preSolution
		Debug|Any CPU = Debug|Any CPU
		Release|Any CPU = Release|Any CPU
	EndGlobalSection
	GlobalSection(ProjectConfigurationPlatforms) = postSolution
		{67ABE5A0-286B-40B9-9D99-EE561605C911}.Debug|Any CPU.ActiveCfg = Debug|Any CPU
		{67ABE5A0-286B-40B9-9D99-EE561605C911}.Debug|Any CPU.Build.0 = Debug|Any CPU
		{67ABE5A0-286B-40B9-9D99-EE561605C911}.Release|Any CPU.ActiveCfg = Release|Any CPU
		{67ABE5A0-286B-40B9-9D99-EE561605C911}.Release|Any CPU.Build.0 = Release|Any CPU
	EndGlobalSection
	GlobalSection(SolutionProperties) = preSolution
		HideSolutionNode = FALSE
	EndGlobalSection
	GlobalSection(ExtensibilityGlobals) = postSolution
		SolutionGuid = {0039BFB8-8F93-4C1C-B5FA-A0B9B1E1D375}
	EndGlobalSection
EndGlobal
